{
  "name": "1415fee72ff6294b",
  "lockfileVersion": 3,
  "requires": true,
  "packages": {
    "": {
      "dependencies": {
        "create-vite": "^7.0.0"
      }
    },
    "node_modules/create-vite": {
      "version": "7.0.0",
      "resolved": "https://registry.npmjs.org/create-vite/-/create-vite-7.0.0.tgz",
      "integrity": "sha512-ybKmTPtWP/w95c3ZC9QhxC2HjFvEcdeK26zlmeBkspjPytnFR7w/zqnj3CdayBY2Im/1qE764VgUpcwRwBCWaA==",
      "license": "MIT",
      "bin": {
        "create-vite": "index.js",
        "cva": "index.js"
      },
      "engines": {
        "node": "^20.19.0 || >=22.12.0"
      },
      "funding": {
        "url": "https://github.com/vitejs/vite?sponsor=1"
      }
    }
  }
}
